
Microsoft Visual Studio Solution File, Format Version 12.00
# Visual Studio Version 17
VisualStudioVersion = 17.3.32922.545
MinimumVisualStudioVersion = 10.0.40219.1
Project("{9A19103F-16F7-4668-BE54-9A1E7A4F7556}") = "PhoneMarket", "PhoneMarket\PhoneMarket.csproj", "{418FE854-B97F-401C-AAA9-239E6C481D9F}"
EndProject
Project("{9A19103F-16F7-4668-BE54-9A1E7A4F7556}") = "PhoneMarket.Domain", "PhoneMarket.Domain\PhoneMarket.Domain.csproj", "{C414CB8C-E0EC-4D6B-9453-D0A2A2D972CF}"
EndProject
Project("{9A19103F-16F7-4668-BE54-9A1E7A4F7556}") = "PhoneMarket.DAL", "PhoneMarket.DAL\PhoneMarket.DAL.csproj", "{45974F05-3446-47CB-878D-30FFB5FC7B5A}"
EndProject
Project("{2150E333-8FDC-42A3-9474-1A3956D46DE8}") = "Service", "Service", "{502C8478-53DA-49CC-8323-A03BD11FD197}"
EndProject
Project("{2150E333-8FDC-42A3-9474-1A3956D46DE8}") = "Domain", "Domain", "{4848062A-4669-4AD1-8A33-0A46C7571C38}"
EndProject
Project("{2150E333-8FDC-42A3-9474-1A3956D46DE8}") = "DAL", "DAL", "{B8CBA580-6529-4DEF-AC63-9E8412DEFE18}"
EndProject
Project("{FAE04EC0-301F-11D3-BF4B-00C04F79EFBC}") = "PhoneMarket.Service", "PhoneMarket.Service\PhoneMarket.Service.csproj", "{ECAB5C01-0B7D-4DF1-B067-AD0333BE2336}"
EndProject
Global
	GlobalSection(SolutionConfigurationPlatforms) = preSolution
		Debug|Any CPU = Debug|Any CPU
		Release|Any CPU = Release|Any CPU
	EndGlobalSection
	GlobalSection(ProjectConfigurationPlatforms) = postSolution
		{418FE854-B97F-401C-AAA9-239E6C481D9F}.Debug|Any CPU.ActiveCfg = Debug|Any CPU
		{418FE854-B97F-401C-AAA9-239E6C481D9F}.Debug|Any CPU.Build.0 = Debug|Any CPU
		{418FE854-B97F-401C-AAA9-239E6C481D9F}.Release|Any CPU.ActiveCfg = Release|Any CPU
		{418FE854-B97F-401C-AAA9-239E6C481D9F}.Release|Any CPU.Build.0 = Release|Any CPU
		{C414CB8C-E0EC-4D6B-9453-D0A2A2D972CF}.Debug|Any CPU.ActiveCfg = Debug|Any CPU
		{C414CB8C-E0EC-4D6B-9453-D0A2A2D972CF}.Debug|Any CPU.Build.0 = Debug|Any CPU
		{C414CB8C-E0EC-4D6B-9453-D0A2A2D972CF}.Release|Any CPU.ActiveCfg = Release|Any CPU
		{C414CB8C-E0EC-4D6B-9453-D0A2A2D972CF}.Release|Any CPU.Build.0 = Release|Any CPU
		{45974F05-3446-47CB-878D-30FFB5FC7B5A}.Debug|Any CPU.ActiveCfg = Debug|Any CPU
		{45974F05-3446-47CB-878D-30FFB5FC7B5A}.Debug|Any CPU.Build.0 = Debug|Any CPU
		{45974F05-3446-47CB-878D-30FFB5FC7B5A}.Release|Any CPU.ActiveCfg = Release|Any CPU
		{45974F05-3446-47CB-878D-30FFB5FC7B5A}.Release|Any CPU.Build.0 = Release|Any CPU
		{ECAB5C01-0B7D-4DF1-B067-AD0333BE2336}.Debug|Any CPU.ActiveCfg = Debug|Any CPU
		{ECAB5C01-0B7D-4DF1-B067-AD0333BE2336}.Debug|Any CPU.Build.0 = Debug|Any CPU
		{ECAB5C01-0B7D-4DF1-B067-AD0333BE2336}.Release|Any CPU.ActiveCfg = Release|Any CPU
		{ECAB5C01-0B7D-4DF1-B067-AD0333BE2336}.Release|Any CPU.Build.0 = Release|Any CPU
	EndGlobalSection
	GlobalSection(SolutionProperties) = preSolution
		HideSolutionNode = FALSE
	EndGlobalSection
	GlobalSection(NestedProjects) = preSolution
		{C414CB8C-E0EC-4D6B-9453-D0A2A2D972CF} = {4848062A-4669-4AD1-8A33-0A46C7571C38}
		{45974F05-3446-47CB-878D-30FFB5FC7B5A} = {B8CBA580-6529-4DEF-AC63-9E8412DEFE18}
		{ECAB5C01-0B7D-4DF1-B067-AD0333BE2336} = {502C8478-53DA-49CC-8323-A03BD11FD197}
	EndGlobalSection
	GlobalSection(ExtensibilityGlobals) = postSolution
		SolutionGuid = {52B4D74B-6F5D-4EE2-86BD-449D8ABB73C0}
	EndGlobalSection
EndGlobal
